
Microsoft Visual Studio Solution File, Format Version 12.00
# Visual Studio 2012
Project("{FAE04EC0-301F-11D3-BF4B-00C04F79EFBC}") = "Review-Site", "Review-Site\Review-Site.csproj", "{0251268A-E5A2-4844-B41B-DB58F47E8321}"
EndProject
Global
	GlobalSection(SolutionConfigurationPlatforms) = preSolution
		Debug|Any CPU = Debug|Any CPU
		MonoRelease|Any CPU = MonoRelease|Any CPU
		Release|Any CPU = Release|Any CPU
	EndGlobalSection
	GlobalSection(ProjectConfigurationPlatforms) = postSolution
		{0251268A-E5A2-4844-B41B-DB58F47E8321}.Debug|Any CPU.ActiveCfg = Debug|Any CPU
		{0251268A-E5A2-4844-B41B-DB58F47E8321}.Debug|Any CPU.Build.0 = Debug|Any CPU
		{0251268A-E5A2-4844-B41B-DB58F47E8321}.MonoRelease|Any CPU.ActiveCfg = MonoRelease|Any CPU
		{0251268A-E5A2-4844-B41B-DB58F47E8321}.MonoRelease|Any CPU.Build.0 = MonoRelease|Any CPU
		{0251268A-E5A2-4844-B41B-DB58F47E8321}.Release|Any CPU.ActiveCfg = Release|Any CPU
		{0251268A-E5A2-4844-B41B-DB58F47E8321}.Release|Any CPU.Build.0 = Release|Any CPU
	EndGlobalSection
	GlobalSection(SolutionProperties) = preSolution
		HideSolutionNode = FALSE
	EndGlobalSection
EndGlobal
